
Microsoft Visual Studio Solution File, Format Version 12.00
Project("{FAE04EC0-301F-11D3-BF4B-00C04F79EFBC}") = "AES", "AES\AES.csproj", "{C3757600-2087-4F30-902A-F0BDB3A2C855}"
EndProject
Project("{FAE04EC0-301F-11D3-BF4B-00C04F79EFBC}") = "MD5", "MD5\MD5.csproj", "{C3E300A2-B801-4F9D-A627-8ECE00A3D839}"
EndProject
Global
	GlobalSection(SolutionConfigurationPlatforms) = preSolution
		Debug|Any CPU = Debug|Any CPU
		Release|Any CPU = Release|Any CPU
	EndGlobalSection
	GlobalSection(ProjectConfigurationPlatforms) = postSolution
		{C3757600-2087-4F30-902A-F0BDB3A2C855}.Debug|Any CPU.ActiveCfg = Debug|Any CPU
		{C3757600-2087-4F30-902A-F0BDB3A2C855}.Debug|Any CPU.Build.0 = Debug|Any CPU
		{C3757600-2087-4F30-902A-F0BDB3A2C855}.Release|Any CPU.ActiveCfg = Release|Any CPU
		{C3757600-2087-4F30-902A-F0BDB3A2C855}.Release|Any CPU.Build.0 = Release|Any CPU
		{C3E300A2-B801-4F9D-A627-8ECE00A3D839}.Debug|Any CPU.ActiveCfg = Debug|Any CPU
		{C3E300A2-B801-4F9D-A627-8ECE00A3D839}.Debug|Any CPU.Build.0 = Debug|Any CPU
		{C3E300A2-B801-4F9D-A627-8ECE00A3D839}.Release|Any CPU.ActiveCfg = Release|Any CPU
		{C3E300A2-B801-4F9D-A627-8ECE00A3D839}.Release|Any CPU.Build.0 = Release|Any CPU
	EndGlobalSection
EndGlobal
